
Microsoft Visual Studio Solution File, Format Version 12.00
# Visual Studio Version 17
VisualStudioVersion = 17.8.34330.188
MinimumVisualStudioVersion = 10.0.40219.1
Project("{FAE04EC0-301F-11D3-BF4B-00C04F79EFBC}") = "Havoc-API", "Havoc-API\Havoc-API.csproj", "{F4100247-E693-4CF3-83B2-7DB974A6F2D7}"
EndProject
Global
	GlobalSection(SolutionConfigurationPlatforms) = preSolution
		Debug|Any CPU = Debug|Any CPU
		Release|Any CPU = Release|Any CPU
	EndGlobalSection
	GlobalSection(ProjectConfigurationPlatforms) = postSolution
		{F4100247-E693-4CF3-83B2-7DB974A6F2D7}.Debug|Any CPU.ActiveCfg = Debug|Any CPU
		{F4100247-E693-4CF3-83B2-7DB974A6F2D7}.Debug|Any CPU.Build.0 = Debug|Any CPU
		{F4100247-E693-4CF3-83B2-7DB974A6F2D7}.Release|Any CPU.ActiveCfg = Release|Any CPU
		{F4100247-E693-4CF3-83B2-7DB974A6F2D7}.Release|Any CPU.Build.0 = Release|Any CPU
	EndGlobalSection
	GlobalSection(SolutionProperties) = preSolution
		HideSolutionNode = FALSE
	EndGlobalSection
	GlobalSection(ExtensibilityGlobals) = postSolution
		SolutionGuid = {63C08326-40BB-440D-8D80-4AF48EDD9D76}
	EndGlobalSection
EndGlobal
